
Microsoft Visual Studio Solution File, Format Version 9.00
# Visual C++ Express 2005
Project("{8BC9CEB8-8B4A-11D0-8D11-00A0C91BC942}") = "Lib", "Lib\Lib.vcproj", "{520F8072-F995-4C60-9F50-BD300F913D7F}"
EndProject
Project("{8BC9CEB8-8B4A-11D0-8D11-00A0C91BC942}") = "Kernel", "Kernel\Kernel.vcproj", "{3EEB4C94-0534-40F5-BBF1-01C0C0AC5658}"
	ProjectSection(ProjectDependencies) = postProject
		{F9978721-33F3-494B-9AF6-7B88F8606D23} = {F9978721-33F3-494B-9AF6-7B88F8606D23}
		{520F8072-F995-4C60-9F50-BD300F913D7F} = {520F8072-F995-4C60-9F50-BD300F913D7F}
	EndProjectSection
EndProject
Project("{8BC9CEB8-8B4A-11D0-8D11-00A0C91BC942}") = "Hal", "Hal\Hal.vcproj", "{F9978721-33F3-494B-9AF6-7B88F8606D23}"
	ProjectSection(ProjectDependencies) = postProject
		{520F8072-F995-4C60-9F50-BD300F913D7F} = {520F8072-F995-4C60-9F50-BD300F913D7F}
	EndProjectSection
EndProject
Project("{8BC9CEB8-8B4A-11D0-8D11-00A0C91BC942}") = "Keyboard", "Keyboard\Keyboard.vcproj", "{8AB6CBCB-06D9-4C7A-9609-F77A5157AD07}"
EndProject
Project("{8BC9CEB8-8B4A-11D0-8D11-00A0C91BC942}") = "FloppyDisk", "FloppyDisk\FloppyDisk.vcproj", "{7093A2AB-78D4-4CD3-891F-675CEA15D9F9}"
EndProject
Global
	GlobalSection(SolutionConfigurationPlatforms) = preSolution
		Debug|Win32 = Debug|Win32
		Release|Win32 = Release|Win32
	EndGlobalSection
	GlobalSection(ProjectConfigurationPlatforms) = postSolution
		{520F8072-F995-4C60-9F50-BD300F913D7F}.Debug|Win32.ActiveCfg = Debug|Win32
		{520F8072-F995-4C60-9F50-BD300F913D7F}.Debug|Win32.Build.0 = Debug|Win32
		{520F8072-F995-4C60-9F50-BD300F913D7F}.Release|Win32.ActiveCfg = Release|Win32
		{520F8072-F995-4C60-9F50-BD300F913D7F}.Release|Win32.Build.0 = Release|Win32
		{3EEB4C94-0534-40F5-BBF1-01C0C0AC5658}.Debug|Win32.ActiveCfg = Debug|Win32
		{3EEB4C94-0534-40F5-BBF1-01C0C0AC5658}.Debug|Win32.Build.0 = Debug|Win32
		{3EEB4C94-0534-40F5-BBF1-01C0C0AC5658}.Release|Win32.ActiveCfg = Release|Win32
		{3EEB4C94-0534-40F5-BBF1-01C0C0AC5658}.Release|Win32.Build.0 = Release|Win32
		{F9978721-33F3-494B-9AF6-7B88F8606D23}.Debug|Win32.ActiveCfg = Debug|Win32
		{F9978721-33F3-494B-9AF6-7B88F8606D23}.Debug|Win32.Build.0 = Debug|Win32
		{F9978721-33F3-494B-9AF6-7B88F8606D23}.Release|Win32.ActiveCfg = Release|Win32
		{F9978721-33F3-494B-9AF6-7B88F8606D23}.Release|Win32.Build.0 = Release|Win32
		{8AB6CBCB-06D9-4C7A-9609-F77A5157AD07}.Debug|Win32.ActiveCfg = Debug|Win32
		{8AB6CBCB-06D9-4C7A-9609-F77A5157AD07}.Debug|Win32.Build.0 = Debug|Win32
		{8AB6CBCB-06D9-4C7A-9609-F77A5157AD07}.Release|Win32.ActiveCfg = Release|Win32
		{8AB6CBCB-06D9-4C7A-9609-F77A5157AD07}.Release|Win32.Build.0 = Release|Win32
		{7093A2AB-78D4-4CD3-891F-675CEA15D9F9}.Debug|Win32.ActiveCfg = Debug|Win32
		{7093A2AB-78D4-4CD3-891F-675CEA15D9F9}.Debug|Win32.Build.0 = Debug|Win32
		{7093A2AB-78D4-4CD3-891F-675CEA15D9F9}.Release|Win32.ActiveCfg = Release|Win32
		{7093A2AB-78D4-4CD3-891F-675CEA15D9F9}.Release|Win32.Build.0 = Release|Win32
	EndGlobalSection
	GlobalSection(SolutionProperties) = preSolution
		HideSolutionNode = FALSE
	EndGlobalSection
EndGlobal
